
Microsoft Visual Studio Solution File, Format Version 12.00
# Visual Studio Version 16
VisualStudioVersion = 16.0.29326.143
MinimumVisualStudioVersion = 10.0.40219.1
Project("{9A19103F-16F7-4668-BE54-9A1E7A4F7556}") = "Yuniql.PlatformTests", "yuniql-platformtests\Yuniql.PlatformTests.csproj", "{45E58905-3C50-43DE-B0E4-BCD51FFF9E5C}"
EndProject
Project("{9A19103F-16F7-4668-BE54-9A1E7A4F7556}") = "Yuniql.Extensibility", "yuniql-extensibility\Yuniql.Extensibility.csproj", "{041849B8-E043-408F-BAB0-759AFA45C14A}"
EndProject
Project("{9A19103F-16F7-4668-BE54-9A1E7A4F7556}") = "Yuniql.SqlServer", "yuniql-sqlserver\Yuniql.SqlServer.csproj", "{FC6C30DD-4819-4454-975D-2DC15E5905F8}"
EndProject
Project("{9A19103F-16F7-4668-BE54-9A1E7A4F7556}") = "Yuniql.Core", "yuniql-core\Yuniql.Core.csproj", "{4DA6A6FE-E596-4588-8566-F7BA73D5A0B9}"
EndProject
Project("{9A19103F-16F7-4668-BE54-9A1E7A4F7556}") = "Yuniql.PostgreSql", "yuniql-plugins\postgresql\src\Yuniql.PostgreSql.csproj", "{45677D54-16A5-4606-B7CD-3A52FA4790F6}"
EndProject
Project("{9A19103F-16F7-4668-BE54-9A1E7A4F7556}") = "Yuniql.MySql", "yuniql-plugins\mysql\src\Yuniql.MySql.csproj", "{BCBBA9AA-D20E-435D-B9CA-55DE83E8D84E}"
EndProject
Global
	GlobalSection(SolutionConfigurationPlatforms) = preSolution
		Debug|Any CPU = Debug|Any CPU
		Release|Any CPU = Release|Any CPU
	EndGlobalSection
	GlobalSection(ProjectConfigurationPlatforms) = postSolution
		{45E58905-3C50-43DE-B0E4-BCD51FFF9E5C}.Debug|Any CPU.ActiveCfg = Debug|Any CPU
		{45E58905-3C50-43DE-B0E4-BCD51FFF9E5C}.Debug|Any CPU.Build.0 = Debug|Any CPU
		{45E58905-3C50-43DE-B0E4-BCD51FFF9E5C}.Release|Any CPU.ActiveCfg = Release|Any CPU
		{45E58905-3C50-43DE-B0E4-BCD51FFF9E5C}.Release|Any CPU.Build.0 = Release|Any CPU
		{041849B8-E043-408F-BAB0-759AFA45C14A}.Debug|Any CPU.ActiveCfg = Debug|Any CPU
		{041849B8-E043-408F-BAB0-759AFA45C14A}.Debug|Any CPU.Build.0 = Debug|Any CPU
		{041849B8-E043-408F-BAB0-759AFA45C14A}.Release|Any CPU.ActiveCfg = Release|Any CPU
		{041849B8-E043-408F-BAB0-759AFA45C14A}.Release|Any CPU.Build.0 = Release|Any CPU
		{FC6C30DD-4819-4454-975D-2DC15E5905F8}.Debug|Any CPU.ActiveCfg = Debug|Any CPU
		{FC6C30DD-4819-4454-975D-2DC15E5905F8}.Debug|Any CPU.Build.0 = Debug|Any CPU
		{FC6C30DD-4819-4454-975D-2DC15E5905F8}.Release|Any CPU.ActiveCfg = Release|Any CPU
		{FC6C30DD-4819-4454-975D-2DC15E5905F8}.Release|Any CPU.Build.0 = Release|Any CPU
		{4DA6A6FE-E596-4588-8566-F7BA73D5A0B9}.Debug|Any CPU.ActiveCfg = Debug|Any CPU
		{4DA6A6FE-E596-4588-8566-F7BA73D5A0B9}.Debug|Any CPU.Build.0 = Debug|Any CPU
		{4DA6A6FE-E596-4588-8566-F7BA73D5A0B9}.Release|Any CPU.ActiveCfg = Release|Any CPU
		{4DA6A6FE-E596-4588-8566-F7BA73D5A0B9}.Release|Any CPU.Build.0 = Release|Any CPU
		{45677D54-16A5-4606-B7CD-3A52FA4790F6}.Debug|Any CPU.ActiveCfg = Debug|Any CPU
		{45677D54-16A5-4606-B7CD-3A52FA4790F6}.Debug|Any CPU.Build.0 = Debug|Any CPU
		{45677D54-16A5-4606-B7CD-3A52FA4790F6}.Release|Any CPU.ActiveCfg = Release|Any CPU
		{45677D54-16A5-4606-B7CD-3A52FA4790F6}.Release|Any CPU.Build.0 = Release|Any CPU
		{BCBBA9AA-D20E-435D-B9CA-55DE83E8D84E}.Debug|Any CPU.ActiveCfg = Debug|Any CPU
		{BCBBA9AA-D20E-435D-B9CA-55DE83E8D84E}.Debug|Any CPU.Build.0 = Debug|Any CPU
		{BCBBA9AA-D20E-435D-B9CA-55DE83E8D84E}.Release|Any CPU.ActiveCfg = Release|Any CPU
		{BCBBA9AA-D20E-435D-B9CA-55DE83E8D84E}.Release|Any CPU.Build.0 = Release|Any CPU
	EndGlobalSection
	GlobalSection(SolutionProperties) = preSolution
		HideSolutionNode = FALSE
	EndGlobalSection
	GlobalSection(ExtensibilityGlobals) = postSolution
		SolutionGuid = {423C2DED-39AB-4369-BA04-6F46A563474D}
	EndGlobalSection
EndGlobal
