
Microsoft Visual Studio Solution File, Format Version 12.00
# Visual Studio Version 16
VisualStudioVersion = 16.0.29326.143
MinimumVisualStudioVersion = 10.0.40219.1
Project("{9A19103F-16F7-4668-BE54-9A1E7A4F7556}") = "Yuniql", "src\Yuniql.csproj", "{F9A315D2-F310-457F-A4DC-ACC0233290D5}"
EndProject
Project("{FAE04EC0-301F-11D3-BF4B-00C04F79EFBC}") = "Tests", "tests\Tests.csproj", "{BF9FEEAB-DE5A-479B-9673-9DFD107D453B}"
EndProject
Global
	GlobalSection(SolutionConfigurationPlatforms) = preSolution
		Debug|Any CPU = Debug|Any CPU
		Release|Any CPU = Release|Any CPU
	EndGlobalSection
	GlobalSection(ProjectConfigurationPlatforms) = postSolution
		{F9A315D2-F310-457F-A4DC-ACC0233290D5}.Debug|Any CPU.ActiveCfg = Debug|Any CPU
		{F9A315D2-F310-457F-A4DC-ACC0233290D5}.Debug|Any CPU.Build.0 = Debug|Any CPU
		{F9A315D2-F310-457F-A4DC-ACC0233290D5}.Release|Any CPU.ActiveCfg = Release|Any CPU
		{F9A315D2-F310-457F-A4DC-ACC0233290D5}.Release|Any CPU.Build.0 = Release|Any CPU
		{BF9FEEAB-DE5A-479B-9673-9DFD107D453B}.Debug|Any CPU.ActiveCfg = Debug|Any CPU
		{BF9FEEAB-DE5A-479B-9673-9DFD107D453B}.Debug|Any CPU.Build.0 = Debug|Any CPU
		{BF9FEEAB-DE5A-479B-9673-9DFD107D453B}.Release|Any CPU.ActiveCfg = Release|Any CPU
		{BF9FEEAB-DE5A-479B-9673-9DFD107D453B}.Release|Any CPU.Build.0 = Release|Any CPU
	EndGlobalSection
	GlobalSection(SolutionProperties) = preSolution
		HideSolutionNode = FALSE
	EndGlobalSection
	GlobalSection(ExtensibilityGlobals) = postSolution
		SolutionGuid = {DA81ADC1-786A-47DB-A83C-BB13A7F34C48}
	EndGlobalSection
EndGlobal
