
Microsoft Visual Studio Solution File, Format Version 12.00
# Visual Studio Version 16
VisualStudioVersion = 16.0.29326.143
MinimumVisualStudioVersion = 10.0.40219.1
Project("{9A19103F-16F7-4668-BE54-9A1E7A4F7556}") = "Yuniql.Extensibility", "yuniql-extensibility\Yuniql.Extensibility.csproj", "{041849B8-E043-408F-BAB0-759AFA45C14A}"
EndProject
Project("{9A19103F-16F7-4668-BE54-9A1E7A4F7556}") = "Yuniql.SqlServer", "yuniql-sqlserver\Yuniql.SqlServer.csproj", "{FC6C30DD-4819-4454-975D-2DC15E5905F8}"
EndProject
Project("{9A19103F-16F7-4668-BE54-9A1E7A4F7556}") = "Yuniql.Core", "yuniql-core\Yuniql.Core.csproj", "{4DA6A6FE-E596-4588-8566-F7BA73D5A0B9}"
EndProject
Project("{9A19103F-16F7-4668-BE54-9A1E7A4F7556}") = "Yuniql.UnitTests", "yuniql-unittests\Yuniql.UnitTests.csproj", "{AFFFE03F-FC0B-4154-B8F3-DE4056757528}"
EndProject
Project("{9A19103F-16F7-4668-BE54-9A1E7A4F7556}") = "Yuniql.CLI", "yuniql-cli\Yuniql.CLI.csproj", "{7AFA8C5D-83FC-49D1-85CA-DEEDA91FBBEB}"
EndProject
Global
	GlobalSection(SolutionConfigurationPlatforms) = preSolution
		Debug|Any CPU = Debug|Any CPU
		Release|Any CPU = Release|Any CPU
	EndGlobalSection
	GlobalSection(ProjectConfigurationPlatforms) = postSolution
		{041849B8-E043-408F-BAB0-759AFA45C14A}.Debug|Any CPU.ActiveCfg = Debug|Any CPU
		{041849B8-E043-408F-BAB0-759AFA45C14A}.Debug|Any CPU.Build.0 = Debug|Any CPU
		{041849B8-E043-408F-BAB0-759AFA45C14A}.Release|Any CPU.ActiveCfg = Release|Any CPU
		{041849B8-E043-408F-BAB0-759AFA45C14A}.Release|Any CPU.Build.0 = Release|Any CPU
		{FC6C30DD-4819-4454-975D-2DC15E5905F8}.Debug|Any CPU.ActiveCfg = Debug|Any CPU
		{FC6C30DD-4819-4454-975D-2DC15E5905F8}.Debug|Any CPU.Build.0 = Debug|Any CPU
		{FC6C30DD-4819-4454-975D-2DC15E5905F8}.Release|Any CPU.ActiveCfg = Release|Any CPU
		{FC6C30DD-4819-4454-975D-2DC15E5905F8}.Release|Any CPU.Build.0 = Release|Any CPU
		{4DA6A6FE-E596-4588-8566-F7BA73D5A0B9}.Debug|Any CPU.ActiveCfg = Debug|Any CPU
		{4DA6A6FE-E596-4588-8566-F7BA73D5A0B9}.Debug|Any CPU.Build.0 = Debug|Any CPU
		{4DA6A6FE-E596-4588-8566-F7BA73D5A0B9}.Release|Any CPU.ActiveCfg = Release|Any CPU
		{4DA6A6FE-E596-4588-8566-F7BA73D5A0B9}.Release|Any CPU.Build.0 = Release|Any CPU
		{AFFFE03F-FC0B-4154-B8F3-DE4056757528}.Debug|Any CPU.ActiveCfg = Debug|Any CPU
		{AFFFE03F-FC0B-4154-B8F3-DE4056757528}.Debug|Any CPU.Build.0 = Debug|Any CPU
		{AFFFE03F-FC0B-4154-B8F3-DE4056757528}.Release|Any CPU.ActiveCfg = Release|Any CPU
		{AFFFE03F-FC0B-4154-B8F3-DE4056757528}.Release|Any CPU.Build.0 = Release|Any CPU
		{7AFA8C5D-83FC-49D1-85CA-DEEDA91FBBEB}.Debug|Any CPU.ActiveCfg = Debug|Any CPU
		{7AFA8C5D-83FC-49D1-85CA-DEEDA91FBBEB}.Debug|Any CPU.Build.0 = Debug|Any CPU
		{7AFA8C5D-83FC-49D1-85CA-DEEDA91FBBEB}.Release|Any CPU.ActiveCfg = Release|Any CPU
		{7AFA8C5D-83FC-49D1-85CA-DEEDA91FBBEB}.Release|Any CPU.Build.0 = Release|Any CPU
	EndGlobalSection
	GlobalSection(SolutionProperties) = preSolution
		HideSolutionNode = FALSE
	EndGlobalSection
	GlobalSection(ExtensibilityGlobals) = postSolution
		SolutionGuid = {423C2DED-39AB-4369-BA04-6F46A563474D}
	EndGlobalSection
EndGlobal
