
Microsoft Visual Studio Solution File, Format Version 12.00
# Visual Studio Version 16
VisualStudioVersion = 16.0.29326.143
MinimumVisualStudioVersion = 10.0.40219.1
Project("{9A19103F-16F7-4668-BE54-9A1E7A4F7556}") = "Yuniql.Core", "yuniql-core\Yuniql.Core.csproj", "{7D491005-0369-45B3-964F-00A8FA7954E7}"
EndProject
Project("{9A19103F-16F7-4668-BE54-9A1E7A4F7556}") = "Yuniql.Extensibility", "yuniql-extensibility\Yuniql.Extensibility.csproj", "{20A86087-B059-442D-8ADB-7D6E16DF1F4D}"
EndProject
Project("{9A19103F-16F7-4668-BE54-9A1E7A4F7556}") = "Yuniql.SqlServer", "yuniql-sqlserver\Yuniql.SqlServer.csproj", "{B451BC62-A07A-4FEB-8C47-40CAF256DA7A}"
EndProject
Project("{9A19103F-16F7-4668-BE54-9A1E7A4F7556}") = "Yuniql.CLI", "yuniql-cli\Yuniql.CLI.csproj", "{DE944F58-0D17-4031-849C-FC131F3F6ED4}"
EndProject
Project("{9A19103F-16F7-4668-BE54-9A1E7A4F7556}") = "Yuniql.UnitTests", "yuniql-unittests\Yuniql.UnitTests.csproj", "{3693754E-589D-4815-9F3A-519B071772A3}"
EndProject
Project("{9A19103F-16F7-4668-BE54-9A1E7A4F7556}") = "Yuniql.PostgreSql", "yuniql-plugins\postgresql\src\Yuniql.PostgreSql.csproj", "{A8149078-07BD-46EF-A5BD-B881A096E678}"
EndProject
Global
	GlobalSection(SolutionConfigurationPlatforms) = preSolution
		Debug|Any CPU = Debug|Any CPU
		Release|Any CPU = Release|Any CPU
	EndGlobalSection
	GlobalSection(ProjectConfigurationPlatforms) = postSolution
		{7D491005-0369-45B3-964F-00A8FA7954E7}.Debug|Any CPU.ActiveCfg = Debug|Any CPU
		{7D491005-0369-45B3-964F-00A8FA7954E7}.Debug|Any CPU.Build.0 = Debug|Any CPU
		{7D491005-0369-45B3-964F-00A8FA7954E7}.Release|Any CPU.ActiveCfg = Release|Any CPU
		{7D491005-0369-45B3-964F-00A8FA7954E7}.Release|Any CPU.Build.0 = Release|Any CPU
		{20A86087-B059-442D-8ADB-7D6E16DF1F4D}.Debug|Any CPU.ActiveCfg = Debug|Any CPU
		{20A86087-B059-442D-8ADB-7D6E16DF1F4D}.Debug|Any CPU.Build.0 = Debug|Any CPU
		{20A86087-B059-442D-8ADB-7D6E16DF1F4D}.Release|Any CPU.ActiveCfg = Release|Any CPU
		{20A86087-B059-442D-8ADB-7D6E16DF1F4D}.Release|Any CPU.Build.0 = Release|Any CPU
		{B451BC62-A07A-4FEB-8C47-40CAF256DA7A}.Debug|Any CPU.ActiveCfg = Debug|Any CPU
		{B451BC62-A07A-4FEB-8C47-40CAF256DA7A}.Debug|Any CPU.Build.0 = Debug|Any CPU
		{B451BC62-A07A-4FEB-8C47-40CAF256DA7A}.Release|Any CPU.ActiveCfg = Release|Any CPU
		{B451BC62-A07A-4FEB-8C47-40CAF256DA7A}.Release|Any CPU.Build.0 = Release|Any CPU
		{DE944F58-0D17-4031-849C-FC131F3F6ED4}.Debug|Any CPU.ActiveCfg = Debug|Any CPU
		{DE944F58-0D17-4031-849C-FC131F3F6ED4}.Debug|Any CPU.Build.0 = Debug|Any CPU
		{DE944F58-0D17-4031-849C-FC131F3F6ED4}.Release|Any CPU.ActiveCfg = Release|Any CPU
		{DE944F58-0D17-4031-849C-FC131F3F6ED4}.Release|Any CPU.Build.0 = Release|Any CPU
		{3693754E-589D-4815-9F3A-519B071772A3}.Debug|Any CPU.ActiveCfg = Debug|Any CPU
		{3693754E-589D-4815-9F3A-519B071772A3}.Debug|Any CPU.Build.0 = Debug|Any CPU
		{3693754E-589D-4815-9F3A-519B071772A3}.Release|Any CPU.ActiveCfg = Release|Any CPU
		{3693754E-589D-4815-9F3A-519B071772A3}.Release|Any CPU.Build.0 = Release|Any CPU
		{A8149078-07BD-46EF-A5BD-B881A096E678}.Debug|Any CPU.ActiveCfg = Debug|Any CPU
		{A8149078-07BD-46EF-A5BD-B881A096E678}.Debug|Any CPU.Build.0 = Debug|Any CPU
		{A8149078-07BD-46EF-A5BD-B881A096E678}.Release|Any CPU.ActiveCfg = Release|Any CPU
		{A8149078-07BD-46EF-A5BD-B881A096E678}.Release|Any CPU.Build.0 = Release|Any CPU
	EndGlobalSection
	GlobalSection(SolutionProperties) = preSolution
		HideSolutionNode = FALSE
	EndGlobalSection
	GlobalSection(ExtensibilityGlobals) = postSolution
		SolutionGuid = {5C66EEC5-39B9-4275-98E1-7D9AFF8FC29C}
	EndGlobalSection
EndGlobal
