
Microsoft Visual Studio Solution File, Format Version 12.00
# Visual Studio Version 16
VisualStudioVersion = 16.0.29326.143
MinimumVisualStudioVersion = 10.0.40219.1
Project("{9A19103F-16F7-4668-BE54-9A1E7A4F7556}") = "Yuniql.Core", "yuniql-core\Yuniql.Core.csproj", "{7D491005-0369-45B3-964F-00A8FA7954E7}"
EndProject
Project("{9A19103F-16F7-4668-BE54-9A1E7A4F7556}") = "Yuniql.Extensibility", "yuniql-extensibility\Yuniql.Extensibility.csproj", "{20A86087-B059-442D-8ADB-7D6E16DF1F4D}"
EndProject
Project("{9A19103F-16F7-4668-BE54-9A1E7A4F7556}") = "Yuniql.CLI", "yuniql-cli\Yuniql.CLI.csproj", "{DE944F58-0D17-4031-849C-FC131F3F6ED4}"
EndProject
Project("{9A19103F-16F7-4668-BE54-9A1E7A4F7556}") = "Yuniql.PlatformTests", "yuniql-tests\platform-tests\Yuniql.PlatformTests.csproj", "{23C7412F-CF0C-4459-BF0F-D8D0C1463F15}"
EndProject
Project("{9A19103F-16F7-4668-BE54-9A1E7A4F7556}") = "Yuniql.UnitTests", "yuniql-tests\unit-tests\Yuniql.UnitTests.csproj", "{533C16C6-96C1-4B46-B3CB-C8FC3F466ADB}"
EndProject
Project("{9A19103F-16F7-4668-BE54-9A1E7A4F7556}") = "Yuniql.MySql", "yuniql-platforms\mysql\Yuniql.MySql.csproj", "{1484AD89-C4B6-4E18-90DB-CC4994A4933E}"
EndProject
Project("{9A19103F-16F7-4668-BE54-9A1E7A4F7556}") = "Yuniql.PostgreSql", "yuniql-platforms\postgresql\Yuniql.PostgreSql.csproj", "{E42FAE78-570B-4718-AADF-B30F8678367B}"
EndProject
Project("{9A19103F-16F7-4668-BE54-9A1E7A4F7556}") = "Yuniql.SqlServer", "yuniql-platforms\sqlserver\Yuniql.SqlServer.csproj", "{8DA510CC-B99F-4A40-A2C3-BC6D6EFBC6F8}"
EndProject
Global
	GlobalSection(SolutionConfigurationPlatforms) = preSolution
		Debug|Any CPU = Debug|Any CPU
		Release|Any CPU = Release|Any CPU
	EndGlobalSection
	GlobalSection(ProjectConfigurationPlatforms) = postSolution
		{7D491005-0369-45B3-964F-00A8FA7954E7}.Debug|Any CPU.ActiveCfg = Debug|Any CPU
		{7D491005-0369-45B3-964F-00A8FA7954E7}.Debug|Any CPU.Build.0 = Debug|Any CPU
		{7D491005-0369-45B3-964F-00A8FA7954E7}.Release|Any CPU.ActiveCfg = Release|Any CPU
		{7D491005-0369-45B3-964F-00A8FA7954E7}.Release|Any CPU.Build.0 = Release|Any CPU
		{20A86087-B059-442D-8ADB-7D6E16DF1F4D}.Debug|Any CPU.ActiveCfg = Debug|Any CPU
		{20A86087-B059-442D-8ADB-7D6E16DF1F4D}.Debug|Any CPU.Build.0 = Debug|Any CPU
		{20A86087-B059-442D-8ADB-7D6E16DF1F4D}.Release|Any CPU.ActiveCfg = Release|Any CPU
		{20A86087-B059-442D-8ADB-7D6E16DF1F4D}.Release|Any CPU.Build.0 = Release|Any CPU
		{DE944F58-0D17-4031-849C-FC131F3F6ED4}.Debug|Any CPU.ActiveCfg = Debug|Any CPU
		{DE944F58-0D17-4031-849C-FC131F3F6ED4}.Debug|Any CPU.Build.0 = Debug|Any CPU
		{DE944F58-0D17-4031-849C-FC131F3F6ED4}.Release|Any CPU.ActiveCfg = Release|Any CPU
		{DE944F58-0D17-4031-849C-FC131F3F6ED4}.Release|Any CPU.Build.0 = Release|Any CPU
		{23C7412F-CF0C-4459-BF0F-D8D0C1463F15}.Debug|Any CPU.ActiveCfg = Debug|Any CPU
		{23C7412F-CF0C-4459-BF0F-D8D0C1463F15}.Debug|Any CPU.Build.0 = Debug|Any CPU
		{23C7412F-CF0C-4459-BF0F-D8D0C1463F15}.Release|Any CPU.ActiveCfg = Release|Any CPU
		{23C7412F-CF0C-4459-BF0F-D8D0C1463F15}.Release|Any CPU.Build.0 = Release|Any CPU
		{533C16C6-96C1-4B46-B3CB-C8FC3F466ADB}.Debug|Any CPU.ActiveCfg = Debug|Any CPU
		{533C16C6-96C1-4B46-B3CB-C8FC3F466ADB}.Debug|Any CPU.Build.0 = Debug|Any CPU
		{533C16C6-96C1-4B46-B3CB-C8FC3F466ADB}.Release|Any CPU.ActiveCfg = Release|Any CPU
		{533C16C6-96C1-4B46-B3CB-C8FC3F466ADB}.Release|Any CPU.Build.0 = Release|Any CPU
		{1484AD89-C4B6-4E18-90DB-CC4994A4933E}.Debug|Any CPU.ActiveCfg = Debug|Any CPU
		{1484AD89-C4B6-4E18-90DB-CC4994A4933E}.Debug|Any CPU.Build.0 = Debug|Any CPU
		{1484AD89-C4B6-4E18-90DB-CC4994A4933E}.Release|Any CPU.ActiveCfg = Release|Any CPU
		{1484AD89-C4B6-4E18-90DB-CC4994A4933E}.Release|Any CPU.Build.0 = Release|Any CPU
		{E42FAE78-570B-4718-AADF-B30F8678367B}.Debug|Any CPU.ActiveCfg = Debug|Any CPU
		{E42FAE78-570B-4718-AADF-B30F8678367B}.Debug|Any CPU.Build.0 = Debug|Any CPU
		{E42FAE78-570B-4718-AADF-B30F8678367B}.Release|Any CPU.ActiveCfg = Release|Any CPU
		{E42FAE78-570B-4718-AADF-B30F8678367B}.Release|Any CPU.Build.0 = Release|Any CPU
		{8DA510CC-B99F-4A40-A2C3-BC6D6EFBC6F8}.Debug|Any CPU.ActiveCfg = Debug|Any CPU
		{8DA510CC-B99F-4A40-A2C3-BC6D6EFBC6F8}.Debug|Any CPU.Build.0 = Debug|Any CPU
		{8DA510CC-B99F-4A40-A2C3-BC6D6EFBC6F8}.Release|Any CPU.ActiveCfg = Release|Any CPU
		{8DA510CC-B99F-4A40-A2C3-BC6D6EFBC6F8}.Release|Any CPU.Build.0 = Release|Any CPU
	EndGlobalSection
	GlobalSection(SolutionProperties) = preSolution
		HideSolutionNode = FALSE
	EndGlobalSection
	GlobalSection(ExtensibilityGlobals) = postSolution
		SolutionGuid = {5C66EEC5-39B9-4275-98E1-7D9AFF8FC29C}
	EndGlobalSection
EndGlobal
