
Microsoft Visual Studio Solution File, Format Version 12.00
# Visual Studio Version 16
VisualStudioVersion = 16.0.29326.143
MinimumVisualStudioVersion = 10.0.40219.1
Project("{9A19103F-16F7-4668-BE54-9A1E7A4F7556}") = "postgresql-aspnetcore-sample", "postgresql-aspnetcore-sample.csproj", "{6AEB8141-09DB-4E6E-A26D-A2371DA06B31}"
EndProject
Global
	GlobalSection(SolutionConfigurationPlatforms) = preSolution
		Debug|Any CPU = Debug|Any CPU
		Release|Any CPU = Release|Any CPU
	EndGlobalSection
	GlobalSection(ProjectConfigurationPlatforms) = postSolution
		{6AEB8141-09DB-4E6E-A26D-A2371DA06B31}.Debug|Any CPU.ActiveCfg = Debug|Any CPU
		{6AEB8141-09DB-4E6E-A26D-A2371DA06B31}.Debug|Any CPU.Build.0 = Debug|Any CPU
		{6AEB8141-09DB-4E6E-A26D-A2371DA06B31}.Release|Any CPU.ActiveCfg = Release|Any CPU
		{6AEB8141-09DB-4E6E-A26D-A2371DA06B31}.Release|Any CPU.Build.0 = Release|Any CPU
	EndGlobalSection
	GlobalSection(SolutionProperties) = preSolution
		HideSolutionNode = FALSE
	EndGlobalSection
	GlobalSection(ExtensibilityGlobals) = postSolution
		SolutionGuid = {BDB0F739-3F53-443D-8781-60EE97B0E7E0}
	EndGlobalSection
EndGlobal
