
Microsoft Visual Studio Solution File, Format Version 12.00
# Visual Studio Version 16
VisualStudioVersion = 16.0.29326.143
MinimumVisualStudioVersion = 10.0.40219.1
Project("{9A19103F-16F7-4668-BE54-9A1E7A4F7556}") = "ef-sample", "ef-sample.csproj", "{A0E0274F-7B53-4F32-888D-4383A88C9D2E}"
EndProject
Global
	GlobalSection(SolutionConfigurationPlatforms) = preSolution
		Debug|Any CPU = Debug|Any CPU
		Release|Any CPU = Release|Any CPU
	EndGlobalSection
	GlobalSection(ProjectConfigurationPlatforms) = postSolution
		{A0E0274F-7B53-4F32-888D-4383A88C9D2E}.Debug|Any CPU.ActiveCfg = Debug|Any CPU
		{A0E0274F-7B53-4F32-888D-4383A88C9D2E}.Debug|Any CPU.Build.0 = Debug|Any CPU
		{A0E0274F-7B53-4F32-888D-4383A88C9D2E}.Release|Any CPU.ActiveCfg = Release|Any CPU
		{A0E0274F-7B53-4F32-888D-4383A88C9D2E}.Release|Any CPU.Build.0 = Release|Any CPU
	EndGlobalSection
	GlobalSection(SolutionProperties) = preSolution
		HideSolutionNode = FALSE
	EndGlobalSection
	GlobalSection(ExtensibilityGlobals) = postSolution
		SolutionGuid = {92388B2A-EFE3-492E-A68E-F44F94E1D344}
	EndGlobalSection
EndGlobal
