
Microsoft Visual Studio Solution File, Format Version 12.00
# Visual Studio Version 16
VisualStudioVersion = 16.0.29326.143
MinimumVisualStudioVersion = 10.0.40219.1
Project("{9A19103F-16F7-4668-BE54-9A1E7A4F7556}") = "Yuniql.CliTests", "Yuniql.CliTests.csproj", "{A31F1BAB-FD3E-44EE-8E78-3470AB666F31}"
EndProject
Global
	GlobalSection(SolutionConfigurationPlatforms) = preSolution
		Debug|Any CPU = Debug|Any CPU
		Release|Any CPU = Release|Any CPU
	EndGlobalSection
	GlobalSection(ProjectConfigurationPlatforms) = postSolution
		{A31F1BAB-FD3E-44EE-8E78-3470AB666F31}.Debug|Any CPU.ActiveCfg = Debug|Any CPU
		{A31F1BAB-FD3E-44EE-8E78-3470AB666F31}.Debug|Any CPU.Build.0 = Debug|Any CPU
		{A31F1BAB-FD3E-44EE-8E78-3470AB666F31}.Release|Any CPU.ActiveCfg = Release|Any CPU
		{A31F1BAB-FD3E-44EE-8E78-3470AB666F31}.Release|Any CPU.Build.0 = Release|Any CPU
	EndGlobalSection
	GlobalSection(SolutionProperties) = preSolution
		HideSolutionNode = FALSE
	EndGlobalSection
	GlobalSection(ExtensibilityGlobals) = postSolution
		SolutionGuid = {24292927-AB44-4426-9C63-C7390CFC8D0C}
	EndGlobalSection
EndGlobal
