
Microsoft Visual Studio Solution File, Format Version 12.00
# Visual Studio 15
VisualStudioVersion = 15.0.27130.2027
MinimumVisualStudioVersion = 10.0.40219.1
Project("{FAE04EC0-301F-11D3-BF4B-00C04F79EFBC}") = "Yuniql", "Yuniql.csproj", "{F9A315D2-F310-457F-A4DC-ACC0233290D5}"
EndProject
Global
	GlobalSection(SolutionConfigurationPlatforms) = preSolution
		Debug|Any CPU = Debug|Any CPU
		Release|Any CPU = Release|Any CPU
	EndGlobalSection
	GlobalSection(ProjectConfigurationPlatforms) = postSolution
		{F9A315D2-F310-457F-A4DC-ACC0233290D5}.Debug|Any CPU.ActiveCfg = Debug|Any CPU
		{F9A315D2-F310-457F-A4DC-ACC0233290D5}.Debug|Any CPU.Build.0 = Debug|Any CPU
		{F9A315D2-F310-457F-A4DC-ACC0233290D5}.Release|Any CPU.ActiveCfg = Release|Any CPU
		{F9A315D2-F310-457F-A4DC-ACC0233290D5}.Release|Any CPU.Build.0 = Release|Any CPU
	EndGlobalSection
	GlobalSection(SolutionProperties) = preSolution
		HideSolutionNode = FALSE
	EndGlobalSection
	GlobalSection(ExtensibilityGlobals) = postSolution
		SolutionGuid = {DA81ADC1-786A-47DB-A83C-BB13A7F34C48}
	EndGlobalSection
EndGlobal
